{
  "name": "@pink-ui/components",
  "version": "0.0.0",
  "lockfileVersion": 2,
  "requires": true,
  "packages": {
    "": {
      "name": "@pink-ui/components",
      "version": "0.0.0",
      "hasInstallScript": true,
      "dependencies": {
        "@rollup/plugin-typescript": "^11.1.1",
        "classnames": "^2.3.2",
        "fs-extra": "^11.1.1",
        "lodash": "^4.17.21",
        "only-allow": "^1.1.1",
        "path": "^0.12.7",
        "sass": "^1.62.1",
        "tslib": "^2.5.3"
      },
      "devDependencies": {
        "@types/lodash": "^4.14.195",
        "@types/react": "^18.0.28",
        "@types/react-dom": "^18.0.11",
        "@typescript-eslint/eslint-plugin": "^5.57.1",
        "@typescript-eslint/parser": "^5.57.1",
        "@vitejs/plugin-react": "^3.1.0",
        "cross-env": "^7.0.3",
        "eslint": "^8.38.0",
        "esno": "^0.16.3",
        "prettier": "^2.2.1",
        "rollup-plugin-visualizer": "^5.9.0",
        "typescript": "^4.9.3",
        "unocss": "^0.52.3",
        "vite": "^4.2.0"
      },
      "peerDependencies": {
        "react": "^18.2.0",
        "react-dom": "^18.2.0"
      }
    },
    "../../../eslint-config-pink": {
      "version": "0.0.3",
      "extraneous": true,
      "license": "ISC",
      "dependencies": {
        "@typescript-eslint/eslint-plugin": "^5.57.0",
        "@typescript-eslint/parser": "^5.57.0",
        "eslint-config-airbnb": "^19.0.4",
        "eslint-config-prettier": "^8.8.0",
        "eslint-plugin-import": "^2.27.5",
        "eslint-plugin-jsx-a11y": "^6.7.1",
        "eslint-plugin-prettier": "^4.2.1",
        "eslint-plugin-react": "^7.32.2",
        "eslint-plugin-react-hooks": "^4.6.0"
      },
      "devDependencies": {
        "eslint": "^7.32.0",
        "eslint-plugin-eslint-plugin": "^5.1.0",
        "typescript": "^4.9.5"
      },
      "peerDependencies": {
        "eslint": "^7.32.0",
        "typescript": "^4.9.5"
      }
    },
    "../../node_modules/.pnpm/registry.npmmirror.com+@rollup+plugin-typescript@11.1.1_tslib@2.5.3_typescript@4.9.3/node_modules/@rollup/plugin-typescript": {
      "version": "11.1.1",
      "license": "MIT",
      "dependencies": {
        "@rollup/pluginutils": "^5.0.1",
        "resolve": "^1.22.1"
      },
      "devDependencies": {
        "@rollup/plugin-buble": "^1.0.0",
        "@rollup/plugin-commonjs": "^23.0.0",
        "@types/node": "^14.18.30",
        "@types/resolve": "^1.20.2",
        "buble": "^0.20.0",
        "rollup": "^3.2.3",
        "typescript": "^4.8.3"
      },
      "engines": {
        "node": ">=14.0.0"
      },
      "peerDependencies": {
        "rollup": "^2.14.0||^3.0.0",
        "tslib": "*",
        "typescript": ">=3.7.0"
      },
      "peerDependenciesMeta": {
        "rollup": {
          "optional": true
        },
        "tslib": {
          "optional": true
        }
      }
    },
    "../../node_modules/.pnpm/registry.npmmirror.com+@types+lodash@4.14.195/node_modules/@types/lodash": {
      "version": "4.14.195",
      "dev": true,
      "license": "MIT"
    },
    "../../node_modules/.pnpm/registry.npmmirror.com+@types+react-dom@18.0.11/node_modules/@types/react-dom": {
      "version": "18.0.11",
      "dev": true,
      "license": "MIT",
      "dependencies": {
        "@types/react": "*"
      }
    },
    "../../node_modules/.pnpm/registry.npmmirror.com+@types+react@18.0.28/node_modules/@types/react": {
      "version": "18.0.28",
      "dev": true,
      "license": "MIT",
      "dependencies": {
        "@types/prop-types": "*",
        "@types/scheduler": "*",
        "csstype": "^3.0.2"
      }
    },
    "../../node_modules/.pnpm/registry.npmmirror.com+@typescript-eslint+eslint-plugin@5.57.1_@typescript-eslint+parser@5.57_mvjdazn6t7umxzhdr2r6uphp4y/node_modules/@typescript-eslint/eslint-plugin": {
      "version": "5.57.1",
      "dev": true,
      "license": "MIT",
      "dependencies": {
        "@eslint-community/regexpp": "^4.4.0",
        "@typescript-eslint/scope-manager": "5.57.1",
        "@typescript-eslint/type-utils": "5.57.1",
        "@typescript-eslint/utils": "5.57.1",
        "debug": "^4.3.4",
        "grapheme-splitter": "^1.0.4",
        "ignore": "^5.2.0",
        "natural-compare-lite": "^1.4.0",
        "semver": "^7.3.7",
        "tsutils": "^3.21.0"
      },
      "devDependencies": {
        "@types/debug": "*",
        "@types/json-schema": "*",
        "@types/marked": "*",
        "@types/natural-compare-lite": "^1.4.0",
        "@types/prettier": "*",
        "chalk": "^5.0.1",
        "cross-fetch": "^3.1.5",
        "grapheme-splitter": "^1.0.4",
        "json-schema": "*",
        "markdown-table": "^3.0.2",
        "marked": "^4.0.15",
        "prettier": "*",
        "title-case": "^3.0.3",
        "typescript": "*"
      },
      "engines": {
        "node": "^12.22.0 || ^14.17.0 || >=16.0.0"
      },
      "funding": {
        "type": "opencollective",
        "url": "https://opencollective.com/typescript-eslint"
      },
      "peerDependencies": {
        "@typescript-eslint/parser": "^5.0.0",
        "eslint": "^6.0.0 || ^7.0.0 || ^8.0.0"
      },
      "peerDependenciesMeta": {
        "typescript": {
          "optional": true
        }
      }
    },
    "../../node_modules/.pnpm/registry.npmmirror.com+@typescript-eslint+parser@5.57.1_eslint@8.38.0_typescript@4.9.3/node_modules/@typescript-eslint/parser": {
      "version": "5.57.1",
      "dev": true,
      "license": "BSD-2-Clause",
      "dependencies": {
        "@typescript-eslint/scope-manager": "5.57.1",
        "@typescript-eslint/types": "5.57.1",
        "@typescript-eslint/typescript-estree": "5.57.1",
        "debug": "^4.3.4"
      },
      "devDependencies": {
        "@types/glob": "*",
        "glob": "*",
        "typescript": "*"
      },
      "engines": {
        "node": "^12.22.0 || ^14.17.0 || >=16.0.0"
      },
      "funding": {
        "type": "opencollective",
        "url": "https://opencollective.com/typescript-eslint"
      },
      "peerDependencies": {
        "eslint": "^6.0.0 || ^7.0.0 || ^8.0.0"
      },
      "peerDependenciesMeta": {
        "typescript": {
          "optional": true
        }
      }
    },
    "../../node_modules/.pnpm/registry.npmmirror.com+@vitejs+plugin-react@3.1.0_vite@4.2.0/node_modules/@vitejs/plugin-react": {
      "version": "3.1.0",
      "dev": true,
      "license": "MIT",
      "dependencies": {
        "@babel/core": "^7.20.12",
        "@babel/plugin-transform-react-jsx-self": "^7.18.6",
        "@babel/plugin-transform-react-jsx-source": "^7.19.6",
        "magic-string": "^0.27.0",
        "react-refresh": "^0.14.0"
      },
      "engines": {
        "node": "^14.18.0 || >=16.0.0"
      },
      "peerDependencies": {
        "vite": "^4.1.0-beta.0"
      }
    },
    "../../node_modules/.pnpm/registry.npmmirror.com+classnames@2.3.2/node_modules/classnames": {
      "version": "2.3.2",
      "license": "MIT",
      "devDependencies": {
        "benchmark": "^2.1.4",
        "browserify": "^17.0.0",
        "dtslint": "^4.0.9",
        "mocha": "^10.0.0"
      }
    },
    "../../node_modules/.pnpm/registry.npmmirror.com+cross-env@7.0.3/node_modules/cross-env": {
      "version": "7.0.3",
      "dev": true,
      "license": "MIT",
      "dependencies": {
        "cross-spawn": "^7.0.1"
      },
      "bin": {
        "cross-env": "src/bin/cross-env.js",
        "cross-env-shell": "src/bin/cross-env-shell.js"
      },
      "devDependencies": {
        "kcd-scripts": "^5.5.0"
      },
      "engines": {
        "node": ">=10.14",
        "npm": ">=6",
        "yarn": ">=1"
      }
    },
    "../../node_modules/.pnpm/registry.npmmirror.com+eslint@8.38.0/node_modules/eslint": {
      "version": "8.38.0",
      "dev": true,
      "license": "MIT",
      "dependencies": {
        "@eslint-community/eslint-utils": "^4.2.0",
        "@eslint-community/regexpp": "^4.4.0",
        "@eslint/eslintrc": "^2.0.2",
        "@eslint/js": "8.38.0",
        "@humanwhocodes/config-array": "^0.11.8",
        "@humanwhocodes/module-importer": "^1.0.1",
        "@nodelib/fs.walk": "^1.2.8",
        "ajv": "^6.10.0",
        "chalk": "^4.0.0",
        "cross-spawn": "^7.0.2",
        "debug": "^4.3.2",
        "doctrine": "^3.0.0",
        "escape-string-regexp": "^4.0.0",
        "eslint-scope": "^7.1.1",
        "eslint-visitor-keys": "^3.4.0",
        "espree": "^9.5.1",
        "esquery": "^1.4.2",
        "esutils": "^2.0.2",
        "fast-deep-equal": "^3.1.3",
        "file-entry-cache": "^6.0.1",
        "find-up": "^5.0.0",
        "glob-parent": "^6.0.2",
        "globals": "^13.19.0",
        "grapheme-splitter": "^1.0.4",
        "ignore": "^5.2.0",
        "import-fresh": "^3.0.0",
        "imurmurhash": "^0.1.4",
        "is-glob": "^4.0.0",
        "is-path-inside": "^3.0.3",
        "js-sdsl": "^4.1.4",
        "js-yaml": "^4.1.0",
        "json-stable-stringify-without-jsonify": "^1.0.1",
        "levn": "^0.4.1",
        "lodash.merge": "^4.6.2",
        "minimatch": "^3.1.2",
        "natural-compare": "^1.4.0",
        "optionator": "^0.9.1",
        "strip-ansi": "^6.0.1",
        "strip-json-comments": "^3.1.0",
        "text-table": "^0.2.0"
      },
      "bin": {
        "eslint": "bin/eslint.js"
      },
      "devDependencies": {
        "@babel/core": "^7.4.3",
        "@babel/preset-env": "^7.4.3",
        "babel-loader": "^8.0.5",
        "c8": "^7.12.0",
        "chai": "^4.0.1",
        "cheerio": "^0.22.0",
        "common-tags": "^1.8.0",
        "core-js": "^3.1.3",
        "ejs": "^3.0.2",
        "eslint": "file:.",
        "eslint-config-eslint": "file:packages/eslint-config-eslint",
        "eslint-plugin-eslint-comments": "^3.2.0",
        "eslint-plugin-eslint-plugin": "^4.4.0",
        "eslint-plugin-internal-rules": "file:tools/internal-rules",
        "eslint-plugin-jsdoc": "^38.1.6",
        "eslint-plugin-n": "^15.2.4",
        "eslint-plugin-unicorn": "^42.0.0",
        "eslint-release": "^3.2.0",
        "eslump": "^3.0.0",
        "esprima": "^4.0.1",
        "fast-glob": "^3.2.11",
        "fs-teardown": "^0.1.3",
        "glob": "^7.1.6",
        "got": "^11.8.3",
        "gray-matter": "^4.0.3",
        "karma": "^6.1.1",
        "karma-chrome-launcher": "^3.1.0",
        "karma-mocha": "^2.0.1",
        "karma-mocha-reporter": "^2.2.5",
        "karma-webpack": "^5.0.0",
        "lint-staged": "^11.0.0",
        "load-perf": "^0.2.0",
        "markdownlint": "^0.25.1",
        "markdownlint-cli": "^0.31.1",
        "marked": "^4.0.8",
        "memfs": "^3.0.1",
        "metascraper": "^5.25.7",
        "metascraper-description": "^5.25.7",
        "metascraper-image": "^5.29.3",
        "metascraper-logo": "^5.25.7",
        "metascraper-logo-favicon": "^5.25.7",
        "metascraper-title": "^5.25.7",
        "mocha": "^8.3.2",
        "mocha-junit-reporter": "^2.0.0",
        "node-polyfill-webpack-plugin": "^1.0.3",
        "npm-license": "^0.3.3",
        "pirates": "^4.0.5",
        "progress": "^2.0.3",
        "proxyquire": "^2.0.1",
        "puppeteer": "^13.7.0",
        "recast": "^0.20.4",
        "regenerator-runtime": "^0.13.2",
        "semver": "^7.3.5",
        "shelljs": "^0.8.2",
        "sinon": "^11.0.0",
        "temp": "^0.9.0",
        "webpack": "^5.23.0",
        "webpack-cli": "^4.5.0",
        "yorkie": "^2.0.0"
      },
      "engines": {
        "node": "^12.22.0 || ^14.17.0 || >=16.0.0"
      },
      "funding": {
        "url": "https://opencollective.com/eslint"
      }
    },
    "../../node_modules/.pnpm/registry.npmmirror.com+esno@0.16.3/node_modules/esno": {
      "version": "0.16.3",
      "dev": true,
      "license": "MIT",
      "dependencies": {
        "tsx": "^3.2.1"
      },
      "bin": {
        "esno": "esno.js"
      },
      "devDependencies": {
        "fsxx": "^0.0.5",
        "typescript": "^4.5.5",
        "zx": "^4.3.0"
      }
    },
    "../../node_modules/.pnpm/registry.npmmirror.com+fs-extra@11.1.1/node_modules/fs-extra": {
      "version": "11.1.1",
      "license": "MIT",
      "dependencies": {
        "graceful-fs": "^4.2.0",
        "jsonfile": "^6.0.1",
        "universalify": "^2.0.0"
      },
      "devDependencies": {
        "klaw": "^2.1.1",
        "klaw-sync": "^3.0.2",
        "minimist": "^1.1.1",
        "mocha": "^10.1.0",
        "nyc": "^15.0.0",
        "proxyquire": "^2.0.1",
        "read-dir-files": "^0.1.1",
        "standard": "^17.0.0"
      },
      "engines": {
        "node": ">=14.14"
      }
    },
    "../../node_modules/.pnpm/registry.npmmirror.com+lodash@4.17.21/node_modules/lodash": {
      "version": "4.17.21",
      "license": "MIT"
    },
    "../../node_modules/.pnpm/registry.npmmirror.com+only-allow@1.1.1/node_modules/only-allow": {
      "version": "1.1.1",
      "license": "MIT",
      "dependencies": {
        "boxen": "^4.2.0",
        "which-pm-runs": "^1.1.0"
      },
      "bin": {
        "only-allow": "bin.js"
      }
    },
    "../../node_modules/.pnpm/registry.npmmirror.com+path@0.12.7/node_modules/path": {
      "version": "0.12.7",
      "license": "MIT",
      "dependencies": {
        "process": "^0.11.1",
        "util": "^0.10.3"
      }
    },
    "../../node_modules/.pnpm/registry.npmmirror.com+prettier@2.8.8/node_modules/prettier": {
      "version": "2.8.8",
      "dev": true,
      "license": "MIT",
      "bin": {
        "prettier": "bin-prettier.js"
      },
      "engines": {
        "node": ">=10.13.0"
      },
      "funding": {
        "url": "https://github.com/prettier/prettier?sponsor=1"
      }
    },
    "../../node_modules/.pnpm/registry.npmmirror.com+react-dom@18.2.0_react@18.2.0/node_modules/react-dom": {
      "version": "18.2.0",
      "license": "MIT",
      "peer": true,
      "dependencies": {
        "loose-envify": "^1.1.0",
        "scheduler": "^0.23.0"
      },
      "peerDependencies": {
        "react": "^18.2.0"
      }
    },
    "../../node_modules/.pnpm/registry.npmmirror.com+react@18.2.0/node_modules/react": {
      "version": "18.2.0",
      "license": "MIT",
      "peer": true,
      "dependencies": {
        "loose-envify": "^1.1.0"
      },
      "engines": {
        "node": ">=0.10.0"
      }
    },
    "../../node_modules/.pnpm/registry.npmmirror.com+rollup-plugin-visualizer@5.9.0/node_modules/rollup-plugin-visualizer": {
      "version": "5.9.0",
      "dev": true,
      "license": "MIT",
      "dependencies": {
        "open": "^8.4.0",
        "picomatch": "^2.3.1",
        "source-map": "^0.7.4",
        "yargs": "^17.5.1"
      },
      "bin": {
        "rollup-plugin-visualizer": "dist/bin/cli.js"
      },
      "devDependencies": {
        "@jest/globals": "^29.3.1",
        "@rollup/plugin-alias": "^4.0.2",
        "@rollup/plugin-commonjs": "^24.0.0",
        "@rollup/plugin-node-resolve": "^15.0.0",
        "@rollup/plugin-typescript": "^10.0.1",
        "@types/bytes": "^3.1.1",
        "@types/d3-array": "^3.0.3",
        "@types/d3-color": "^3.1.0",
        "@types/d3-force": "^3.0.3",
        "@types/d3-hierarchy": "^3.1.0",
        "@types/d3-scale": "^4.0.2",
        "@types/d3-shape": "^3.1.0",
        "@types/node": "^18.8.5",
        "@types/picomatch": "^2.3.0",
        "@types/yargs": "^17.0.10",
        "@typescript-eslint/eslint-plugin": "^5.25.0",
        "@typescript-eslint/parser": "^5.25.0",
        "bytes": "^3.1.2",
        "d3-array": "^3.1.6",
        "d3-color": "^3.1.0",
        "d3-force": "^3.0.0",
        "d3-hierarchy": "^3.1.2",
        "d3-scale": "^4.0.2",
        "d3-shape": "^3.1.0",
        "del-cli": "^5.0.0",
        "eslint": "^8.16.0",
        "eslint-config-prettier": "^8.5.0",
        "eslint-plugin-prettier": "^4.0.0",
        "jest": "^29.3.1",
        "npm-run-all": "^4.1.5",
        "picomatch-browser": "^2.2.6",
        "postcss": "^8.4.14",
        "postcss-url": "^10.1.3",
        "preact": "^10.7.2",
        "prettier": "^2.6.2",
        "rollup": "^3.1.0",
        "rollup-plugin-postcss": "^4.0.2",
        "sass": "^1.52.1",
        "ts-jest": "^29.0.3",
        "typescript": "~4.9.0"
      },
      "engines": {
        "node": ">=14"
      },
      "peerDependencies": {
        "rollup": "2.x || 3.x"
      },
      "peerDependenciesMeta": {
        "rollup": {
          "optional": true
        }
      }
    },
    "../../node_modules/.pnpm/registry.npmmirror.com+sass@1.62.1/node_modules/sass": {
      "version": "1.62.1",
      "license": "MIT",
      "dependencies": {
        "chokidar": ">=3.0.0 <4.0.0",
        "immutable": "^4.0.0",
        "source-map-js": ">=0.6.2 <2.0.0"
      },
      "bin": {
        "sass": "sass.js"
      },
      "engines": {
        "node": ">=14.0.0"
      }
    },
    "../../node_modules/.pnpm/registry.npmmirror.com+tslib@2.5.3/node_modules/tslib": {
      "version": "2.5.3",
      "license": "0BSD"
    },
    "../../node_modules/.pnpm/registry.npmmirror.com+typescript@4.9.3/node_modules/typescript": {
      "version": "4.9.3",
      "dev": true,
      "license": "Apache-2.0",
      "bin": {
        "tsc": "bin/tsc",
        "tsserver": "bin/tsserver"
      },
      "devDependencies": {
        "@octokit/rest": "latest",
        "@types/chai": "latest",
        "@types/fancy-log": "^2.0.0",
        "@types/fs-extra": "^9.0.13",
        "@types/glob": "latest",
        "@types/gulp": "^4.0.9",
        "@types/gulp-concat": "latest",
        "@types/gulp-newer": "latest",
        "@types/gulp-rename": "latest",
        "@types/gulp-sourcemaps": "latest",
        "@types/merge2": "latest",
        "@types/microsoft__typescript-etw": "latest",
        "@types/minimist": "latest",
        "@types/mkdirp": "latest",
        "@types/mocha": "latest",
        "@types/ms": "latest",
        "@types/node": "latest",
        "@types/source-map-support": "latest",
        "@types/which": "^2.0.1",
        "@types/xml2js": "^0.4.11",
        "@typescript-eslint/eslint-plugin": "^5.33.1",
        "@typescript-eslint/parser": "^5.33.1",
        "@typescript-eslint/utils": "^5.33.1",
        "azure-devops-node-api": "^11.2.0",
        "chai": "latest",
        "chalk": "^4.1.2",
        "del": "^6.1.1",
        "diff": "^5.1.0",
        "eslint": "^8.22.0",
        "eslint-formatter-autolinkable-stylish": "^1.2.0",
        "eslint-plugin-import": "^2.26.0",
        "eslint-plugin-jsdoc": "^39.3.6",
        "eslint-plugin-local": "^1.0.0",
        "eslint-plugin-no-null": "^1.0.2",
        "fancy-log": "latest",
        "fs-extra": "^9.1.0",
        "glob": "latest",
        "gulp": "^4.0.2",
        "gulp-concat": "latest",
        "gulp-insert": "latest",
        "gulp-newer": "latest",
        "gulp-rename": "latest",
        "gulp-sourcemaps": "latest",
        "merge2": "latest",
        "minimist": "latest",
        "mkdirp": "latest",
        "mocha": "latest",
        "mocha-fivemat-progress-reporter": "latest",
        "ms": "^2.1.3",
        "node-fetch": "^3.2.10",
        "source-map-support": "latest",
        "typescript": "^4.8.4",
        "vinyl": "latest",
        "which": "^2.0.2",
        "xml2js": "^0.4.23"
      },
      "engines": {
        "node": ">=4.2.0"
      }
    },
    "../../node_modules/.pnpm/registry.npmmirror.com+unocss@0.52.3_postcss@8.4.23_vite@4.2.0/node_modules/unocss": {
      "version": "0.52.3",
      "dev": true,
      "license": "MIT",
      "dependencies": {
        "@unocss/astro": "0.52.3",
        "@unocss/cli": "0.52.3",
        "@unocss/core": "0.52.3",
        "@unocss/extractor-arbitrary-variants": "0.52.3",
        "@unocss/postcss": "0.52.3",
        "@unocss/preset-attributify": "0.52.3",
        "@unocss/preset-icons": "0.52.3",
        "@unocss/preset-mini": "0.52.3",
        "@unocss/preset-tagify": "0.52.3",
        "@unocss/preset-typography": "0.52.3",
        "@unocss/preset-uno": "0.52.3",
        "@unocss/preset-web-fonts": "0.52.3",
        "@unocss/preset-wind": "0.52.3",
        "@unocss/reset": "0.52.3",
        "@unocss/transformer-attributify-jsx": "0.52.3",
        "@unocss/transformer-attributify-jsx-babel": "0.52.3",
        "@unocss/transformer-compile-class": "0.52.3",
        "@unocss/transformer-directives": "0.52.3",
        "@unocss/transformer-variant-group": "0.52.3",
        "@unocss/vite": "0.52.3"
      },
      "devDependencies": {
        "@unocss/webpack": "0.52.3"
      },
      "engines": {
        "node": ">=14"
      },
      "funding": {
        "url": "https://github.com/sponsors/antfu"
      },
      "peerDependencies": {
        "@unocss/webpack": "0.52.3"
      },
      "peerDependenciesMeta": {
        "@unocss/webpack": {
          "optional": true
        }
      }
    },
    "../../node_modules/.pnpm/registry.npmmirror.com+vite@4.2.0_sass@1.62.1/node_modules/vite": {
      "version": "4.2.0",
      "dev": true,
      "license": "MIT",
      "dependencies": {
        "esbuild": "^0.17.5",
        "postcss": "^8.4.21",
        "resolve": "^1.22.1",
        "rollup": "^3.18.0"
      },
      "bin": {
        "vite": "bin/vite.js"
      },
      "devDependencies": {
        "@ampproject/remapping": "^2.2.0",
        "@babel/parser": "^7.21.2",
        "@babel/types": "^7.21.2",
        "@jridgewell/trace-mapping": "^0.3.17",
        "@rollup/plugin-alias": "^4.0.3",
        "@rollup/plugin-commonjs": "^24.0.1",
        "@rollup/plugin-dynamic-import-vars": "^2.0.3",
        "@rollup/plugin-json": "^6.0.0",
        "@rollup/plugin-node-resolve": "15.0.1",
        "@rollup/plugin-typescript": "^11.0.0",
        "@rollup/pluginutils": "^5.0.2",
        "acorn": "^8.8.2",
        "acorn-walk": "^8.2.0",
        "cac": "^6.7.14",
        "chokidar": "^3.5.3",
        "connect": "^3.7.0",
        "connect-history-api-fallback": "^2.0.0",
        "convert-source-map": "^2.0.0",
        "cors": "^2.8.5",
        "cross-spawn": "^7.0.3",
        "debug": "^4.3.4",
        "dep-types": "link:./src/types",
        "dotenv": "^16.0.3",
        "dotenv-expand": "^9.0.0",
        "es-module-lexer": "^1.2.0",
        "estree-walker": "^3.0.3",
        "etag": "^1.8.1",
        "fast-glob": "^3.2.12",
        "http-proxy": "^1.18.1",
        "json-stable-stringify": "^1.0.2",
        "launch-editor-middleware": "^2.6.0",
        "magic-string": "^0.30.0",
        "micromatch": "^4.0.5",
        "mlly": "^1.1.1",
        "mrmime": "^1.0.1",
        "okie": "^1.0.1",
        "open": "^8.4.2",
        "parse5": "^7.1.2",
        "periscopic": "^3.1.0",
        "picocolors": "^1.0.0",
        "picomatch": "^2.3.1",
        "postcss-import": "^15.1.0",
        "postcss-load-config": "^4.0.1",
        "postcss-modules": "^6.0.0",
        "resolve.exports": "^2.0.1",
        "rollup-plugin-license": "^3.0.1",
        "sirv": "^2.0.2",
        "source-map-js": "^1.0.2",
        "source-map-support": "^0.5.21",
        "strip-ansi": "^7.0.1",
        "strip-literal": "^1.0.1",
        "tsconfck": "^2.1.0",
        "tslib": "^2.5.0",
        "types": "link:./types",
        "ufo": "^1.1.1",
        "ws": "^8.12.1"
      },
      "engines": {
        "node": "^14.18.0 || >=16.0.0"
      },
      "optionalDependencies": {
        "fsevents": "~2.3.2"
      },
      "peerDependencies": {
        "@types/node": ">= 14",
        "less": "*",
        "sass": "*",
        "stylus": "*",
        "sugarss": "*",
        "terser": "^5.4.0"
      },
      "peerDependenciesMeta": {
        "@types/node": {
          "optional": true
        },
        "less": {
          "optional": true
        },
        "sass": {
          "optional": true
        },
        "stylus": {
          "optional": true
        },
        "sugarss": {
          "optional": true
        },
        "terser": {
          "optional": true
        }
      }
    },
    "node_modules/@rollup/plugin-typescript": {
      "resolved": "../../node_modules/.pnpm/registry.npmmirror.com+@rollup+plugin-typescript@11.1.1_tslib@2.5.3_typescript@4.9.3/node_modules/@rollup/plugin-typescript",
      "link": true
    },
    "node_modules/@types/lodash": {
      "resolved": "../../node_modules/.pnpm/registry.npmmirror.com+@types+lodash@4.14.195/node_modules/@types/lodash",
      "link": true
    },
    "node_modules/@types/react": {
      "resolved": "../../node_modules/.pnpm/registry.npmmirror.com+@types+react@18.0.28/node_modules/@types/react",
      "link": true
    },
    "node_modules/@types/react-dom": {
      "resolved": "../../node_modules/.pnpm/registry.npmmirror.com+@types+react-dom@18.0.11/node_modules/@types/react-dom",
      "link": true
    },
    "node_modules/@typescript-eslint/eslint-plugin": {
      "resolved": "../../node_modules/.pnpm/registry.npmmirror.com+@typescript-eslint+eslint-plugin@5.57.1_@typescript-eslint+parser@5.57_mvjdazn6t7umxzhdr2r6uphp4y/node_modules/@typescript-eslint/eslint-plugin",
      "link": true
    },
    "node_modules/@typescript-eslint/parser": {
      "resolved": "../../node_modules/.pnpm/registry.npmmirror.com+@typescript-eslint+parser@5.57.1_eslint@8.38.0_typescript@4.9.3/node_modules/@typescript-eslint/parser",
      "link": true
    },
    "node_modules/@vitejs/plugin-react": {
      "resolved": "../../node_modules/.pnpm/registry.npmmirror.com+@vitejs+plugin-react@3.1.0_vite@4.2.0/node_modules/@vitejs/plugin-react",
      "link": true
    },
    "node_modules/classnames": {
      "resolved": "../../node_modules/.pnpm/registry.npmmirror.com+classnames@2.3.2/node_modules/classnames",
      "link": true
    },
    "node_modules/cross-env": {
      "resolved": "../../node_modules/.pnpm/registry.npmmirror.com+cross-env@7.0.3/node_modules/cross-env",
      "link": true
    },
    "node_modules/eslint": {
      "resolved": "../../node_modules/.pnpm/registry.npmmirror.com+eslint@8.38.0/node_modules/eslint",
      "link": true
    },
    "node_modules/esno": {
      "resolved": "../../node_modules/.pnpm/registry.npmmirror.com+esno@0.16.3/node_modules/esno",
      "link": true
    },
    "node_modules/fs-extra": {
      "resolved": "../../node_modules/.pnpm/registry.npmmirror.com+fs-extra@11.1.1/node_modules/fs-extra",
      "link": true
    },
    "node_modules/lodash": {
      "resolved": "../../node_modules/.pnpm/registry.npmmirror.com+lodash@4.17.21/node_modules/lodash",
      "link": true
    },
    "node_modules/only-allow": {
      "resolved": "../../node_modules/.pnpm/registry.npmmirror.com+only-allow@1.1.1/node_modules/only-allow",
      "link": true
    },
    "node_modules/path": {
      "resolved": "../../node_modules/.pnpm/registry.npmmirror.com+path@0.12.7/node_modules/path",
      "link": true
    },
    "node_modules/prettier": {
      "resolved": "../../node_modules/.pnpm/registry.npmmirror.com+prettier@2.8.8/node_modules/prettier",
      "link": true
    },
    "node_modules/react": {
      "resolved": "../../node_modules/.pnpm/registry.npmmirror.com+react@18.2.0/node_modules/react",
      "link": true
    },
    "node_modules/react-dom": {
      "resolved": "../../node_modules/.pnpm/registry.npmmirror.com+react-dom@18.2.0_react@18.2.0/node_modules/react-dom",
      "link": true
    },
    "node_modules/rollup-plugin-visualizer": {
      "resolved": "../../node_modules/.pnpm/registry.npmmirror.com+rollup-plugin-visualizer@5.9.0/node_modules/rollup-plugin-visualizer",
      "link": true
    },
    "node_modules/sass": {
      "resolved": "../../node_modules/.pnpm/registry.npmmirror.com+sass@1.62.1/node_modules/sass",
      "link": true
    },
    "node_modules/tslib": {
      "resolved": "../../node_modules/.pnpm/registry.npmmirror.com+tslib@2.5.3/node_modules/tslib",
      "link": true
    },
    "node_modules/typescript": {
      "resolved": "../../node_modules/.pnpm/registry.npmmirror.com+typescript@4.9.3/node_modules/typescript",
      "link": true
    },
    "node_modules/unocss": {
      "resolved": "../../node_modules/.pnpm/registry.npmmirror.com+unocss@0.52.3_postcss@8.4.23_vite@4.2.0/node_modules/unocss",
      "link": true
    },
    "node_modules/vite": {
      "resolved": "../../node_modules/.pnpm/registry.npmmirror.com+vite@4.2.0_sass@1.62.1/node_modules/vite",
      "link": true
    }
  },
  "dependencies": {
    "@rollup/plugin-typescript": {
      "version": "file:../../node_modules/.pnpm/registry.npmmirror.com+@rollup+plugin-typescript@11.1.1_tslib@2.5.3_typescript@4.9.3/node_modules/@rollup/plugin-typescript",
      "requires": {
        "@rollup/plugin-buble": "^1.0.0",
        "@rollup/plugin-commonjs": "^23.0.0",
        "@rollup/pluginutils": "^5.0.1",
        "@types/node": "^14.18.30",
        "@types/resolve": "^1.20.2",
        "buble": "^0.20.0",
        "resolve": "^1.22.1",
        "rollup": "^3.2.3",
        "typescript": "^4.8.3"
      }
    },
    "@types/lodash": {
      "version": "file:../../node_modules/.pnpm/registry.npmmirror.com+@types+lodash@4.14.195/node_modules/@types/lodash"
    },
    "@types/react": {
      "version": "file:../../node_modules/.pnpm/registry.npmmirror.com+@types+react@18.0.28/node_modules/@types/react",
      "requires": {
        "@types/prop-types": "*",
        "@types/scheduler": "*",
        "csstype": "^3.0.2"
      }
    },
    "@types/react-dom": {
      "version": "file:../../node_modules/.pnpm/registry.npmmirror.com+@types+react-dom@18.0.11/node_modules/@types/react-dom",
      "requires": {
        "@types/react": "*"
      }
    },
    "@typescript-eslint/eslint-plugin": {
      "version": "file:../../node_modules/.pnpm/registry.npmmirror.com+@typescript-eslint+eslint-plugin@5.57.1_@typescript-eslint+parser@5.57_mvjdazn6t7umxzhdr2r6uphp4y/node_modules/@typescript-eslint/eslint-plugin",
      "requires": {
        "@eslint-community/regexpp": "^4.4.0",
        "@types/debug": "*",
        "@types/json-schema": "*",
        "@types/marked": "*",
        "@types/natural-compare-lite": "^1.4.0",
        "@types/prettier": "*",
        "@typescript-eslint/scope-manager": "5.57.1",
        "@typescript-eslint/type-utils": "5.57.1",
        "@typescript-eslint/utils": "5.57.1",
        "chalk": "^5.0.1",
        "cross-fetch": "^3.1.5",
        "debug": "^4.3.4",
        "grapheme-splitter": "^1.0.4",
        "ignore": "^5.2.0",
        "json-schema": "*",
        "markdown-table": "^3.0.2",
        "marked": "^4.0.15",
        "natural-compare-lite": "^1.4.0",
        "prettier": "*",
        "semver": "^7.3.7",
        "title-case": "^3.0.3",
        "tsutils": "^3.21.0",
        "typescript": "*"
      }
    },
    "@typescript-eslint/parser": {
      "version": "file:../../node_modules/.pnpm/registry.npmmirror.com+@typescript-eslint+parser@5.57.1_eslint@8.38.0_typescript@4.9.3/node_modules/@typescript-eslint/parser",
      "requires": {
        "@types/glob": "*",
        "@typescript-eslint/scope-manager": "5.57.1",
        "@typescript-eslint/types": "5.57.1",
        "@typescript-eslint/typescript-estree": "5.57.1",
        "debug": "^4.3.4",
        "glob": "*",
        "typescript": "*"
      }
    },
    "@vitejs/plugin-react": {
      "version": "file:../../node_modules/.pnpm/registry.npmmirror.com+@vitejs+plugin-react@3.1.0_vite@4.2.0/node_modules/@vitejs/plugin-react",
      "requires": {
        "@babel/core": "^7.20.12",
        "@babel/plugin-transform-react-jsx-self": "^7.18.6",
        "@babel/plugin-transform-react-jsx-source": "^7.19.6",
        "magic-string": "^0.27.0",
        "react-refresh": "^0.14.0"
      }
    },
    "classnames": {
      "version": "file:../../node_modules/.pnpm/registry.npmmirror.com+classnames@2.3.2/node_modules/classnames",
      "requires": {
        "benchmark": "^2.1.4",
        "browserify": "^17.0.0",
        "dtslint": "^4.0.9",
        "mocha": "^10.0.0"
      }
    },
    "cross-env": {
      "version": "file:../../node_modules/.pnpm/registry.npmmirror.com+cross-env@7.0.3/node_modules/cross-env",
      "requires": {
        "cross-spawn": "^7.0.1",
        "kcd-scripts": "^5.5.0"
      }
    },
    "eslint": {
      "version": "file:../../node_modules/.pnpm/registry.npmmirror.com+eslint@8.38.0/node_modules/eslint",
      "requires": {
        "@babel/core": "^7.4.3",
        "@babel/preset-env": "^7.4.3",
        "@eslint-community/eslint-utils": "^4.2.0",
        "@eslint-community/regexpp": "^4.4.0",
        "@eslint/eslintrc": "^2.0.2",
        "@eslint/js": "8.38.0",
        "@humanwhocodes/config-array": "^0.11.8",
        "@humanwhocodes/module-importer": "^1.0.1",
        "@nodelib/fs.walk": "^1.2.8",
        "ajv": "^6.10.0",
        "babel-loader": "^8.0.5",
        "c8": "^7.12.0",
        "chai": "^4.0.1",
        "chalk": "^4.0.0",
        "cheerio": "^0.22.0",
        "common-tags": "^1.8.0",
        "core-js": "^3.1.3",
        "cross-spawn": "^7.0.2",
        "debug": "^4.3.2",
        "doctrine": "^3.0.0",
        "ejs": "^3.0.2",
        "escape-string-regexp": "^4.0.0",
        "eslint": "file:",
        "eslint-config-eslint": "file:packages/eslint-config-eslint",
        "eslint-plugin-eslint-comments": "^3.2.0",
        "eslint-plugin-eslint-plugin": "^4.4.0",
        "eslint-plugin-internal-rules": "file:tools/internal-rules",
        "eslint-plugin-jsdoc": "^38.1.6",
        "eslint-plugin-n": "^15.2.4",
        "eslint-plugin-unicorn": "^42.0.0",
        "eslint-release": "^3.2.0",
        "eslint-scope": "^7.1.1",
        "eslint-visitor-keys": "^3.4.0",
        "eslump": "^3.0.0",
        "espree": "^9.5.1",
        "esprima": "^4.0.1",
        "esquery": "^1.4.2",
        "esutils": "^2.0.2",
        "fast-deep-equal": "^3.1.3",
        "fast-glob": "^3.2.11",
        "file-entry-cache": "^6.0.1",
        "find-up": "^5.0.0",
        "fs-teardown": "^0.1.3",
        "glob": "^7.1.6",
        "glob-parent": "^6.0.2",
        "globals": "^13.19.0",
        "got": "^11.8.3",
        "grapheme-splitter": "^1.0.4",
        "gray-matter": "^4.0.3",
        "ignore": "^5.2.0",
        "import-fresh": "^3.0.0",
        "imurmurhash": "^0.1.4",
        "is-glob": "^4.0.0",
        "is-path-inside": "^3.0.3",
        "js-sdsl": "^4.1.4",
        "js-yaml": "^4.1.0",
        "json-stable-stringify-without-jsonify": "^1.0.1",
        "karma": "^6.1.1",
        "karma-chrome-launcher": "^3.1.0",
        "karma-mocha": "^2.0.1",
        "karma-mocha-reporter": "^2.2.5",
        "karma-webpack": "^5.0.0",
        "levn": "^0.4.1",
        "lint-staged": "^11.0.0",
        "load-perf": "^0.2.0",
        "lodash.merge": "^4.6.2",
        "markdownlint": "^0.25.1",
        "markdownlint-cli": "^0.31.1",
        "marked": "^4.0.8",
        "memfs": "^3.0.1",
        "metascraper": "^5.25.7",
        "metascraper-description": "^5.25.7",
        "metascraper-image": "^5.29.3",
        "metascraper-logo": "^5.25.7",
        "metascraper-logo-favicon": "^5.25.7",
        "metascraper-title": "^5.25.7",
        "minimatch": "^3.1.2",
        "mocha": "^8.3.2",
        "mocha-junit-reporter": "^2.0.0",
        "natural-compare": "^1.4.0",
        "node-polyfill-webpack-plugin": "^1.0.3",
        "npm-license": "^0.3.3",
        "optionator": "^0.9.1",
        "pirates": "^4.0.5",
        "progress": "^2.0.3",
        "proxyquire": "^2.0.1",
        "puppeteer": "^13.7.0",
        "recast": "^0.20.4",
        "regenerator-runtime": "^0.13.2",
        "semver": "^7.3.5",
        "shelljs": "^0.8.2",
        "sinon": "^11.0.0",
        "strip-ansi": "^6.0.1",
        "strip-json-comments": "^3.1.0",
        "temp": "^0.9.0",
        "text-table": "^0.2.0",
        "webpack": "^5.23.0",
        "webpack-cli": "^4.5.0",
        "yorkie": "^2.0.0"
      }
    },
    "esno": {
      "version": "file:../../node_modules/.pnpm/registry.npmmirror.com+esno@0.16.3/node_modules/esno",
      "requires": {
        "fsxx": "^0.0.5",
        "tsx": "^3.2.1",
        "typescript": "^4.5.5",
        "zx": "^4.3.0"
      }
    },
    "fs-extra": {
      "version": "file:../../node_modules/.pnpm/registry.npmmirror.com+fs-extra@11.1.1/node_modules/fs-extra",
      "requires": {
        "graceful-fs": "^4.2.0",
        "jsonfile": "^6.0.1",
        "klaw": "^2.1.1",
        "klaw-sync": "^3.0.2",
        "minimist": "^1.1.1",
        "mocha": "^10.1.0",
        "nyc": "^15.0.0",
        "proxyquire": "^2.0.1",
        "read-dir-files": "^0.1.1",
        "standard": "^17.0.0",
        "universalify": "^2.0.0"
      }
    },
    "lodash": {
      "version": "file:../../node_modules/.pnpm/registry.npmmirror.com+lodash@4.17.21/node_modules/lodash"
    },
    "only-allow": {
      "version": "file:../../node_modules/.pnpm/registry.npmmirror.com+only-allow@1.1.1/node_modules/only-allow",
      "requires": {
        "boxen": "^4.2.0",
        "which-pm-runs": "^1.1.0"
      }
    },
    "path": {
      "version": "file:../../node_modules/.pnpm/registry.npmmirror.com+path@0.12.7/node_modules/path",
      "requires": {
        "process": "^0.11.1",
        "util": "^0.10.3"
      }
    },
    "prettier": {
      "version": "file:../../node_modules/.pnpm/registry.npmmirror.com+prettier@2.8.8/node_modules/prettier"
    },
    "react": {
      "version": "file:../../node_modules/.pnpm/registry.npmmirror.com+react@18.2.0/node_modules/react",
      "requires": {
        "loose-envify": "^1.1.0"
      }
    },
    "react-dom": {
      "version": "file:../../node_modules/.pnpm/registry.npmmirror.com+react-dom@18.2.0_react@18.2.0/node_modules/react-dom",
      "requires": {
        "loose-envify": "^1.1.0",
        "scheduler": "^0.23.0"
      }
    },
    "rollup-plugin-visualizer": {
      "version": "file:../../node_modules/.pnpm/registry.npmmirror.com+rollup-plugin-visualizer@5.9.0/node_modules/rollup-plugin-visualizer",
      "requires": {
        "@jest/globals": "^29.3.1",
        "@rollup/plugin-alias": "^4.0.2",
        "@rollup/plugin-commonjs": "^24.0.0",
        "@rollup/plugin-node-resolve": "^15.0.0",
        "@rollup/plugin-typescript": "^10.0.1",
        "@types/bytes": "^3.1.1",
        "@types/d3-array": "^3.0.3",
        "@types/d3-color": "^3.1.0",
        "@types/d3-force": "^3.0.3",
        "@types/d3-hierarchy": "^3.1.0",
        "@types/d3-scale": "^4.0.2",
        "@types/d3-shape": "^3.1.0",
        "@types/node": "^18.8.5",
        "@types/picomatch": "^2.3.0",
        "@types/yargs": "^17.0.10",
        "@typescript-eslint/eslint-plugin": "^5.25.0",
        "@typescript-eslint/parser": "^5.25.0",
        "bytes": "^3.1.2",
        "d3-array": "^3.1.6",
        "d3-color": "^3.1.0",
        "d3-force": "^3.0.0",
        "d3-hierarchy": "^3.1.2",
        "d3-scale": "^4.0.2",
        "d3-shape": "^3.1.0",
        "del-cli": "^5.0.0",
        "eslint": "^8.16.0",
        "eslint-config-prettier": "^8.5.0",
        "eslint-plugin-prettier": "^4.0.0",
        "jest": "^29.3.1",
        "npm-run-all": "^4.1.5",
        "open": "^8.4.0",
        "picomatch": "^2.3.1",
        "picomatch-browser": "^2.2.6",
        "postcss": "^8.4.14",
        "postcss-url": "^10.1.3",
        "preact": "^10.7.2",
        "prettier": "^2.6.2",
        "rollup": "^3.1.0",
        "rollup-plugin-postcss": "^4.0.2",
        "sass": "^1.52.1",
        "source-map": "^0.7.4",
        "ts-jest": "^29.0.3",
        "typescript": "~4.9.0",
        "yargs": "^17.5.1"
      }
    },
    "sass": {
      "version": "file:../../node_modules/.pnpm/registry.npmmirror.com+sass@1.62.1/node_modules/sass",
      "requires": {
        "chokidar": ">=3.0.0 <4.0.0",
        "immutable": "^4.0.0",
        "source-map-js": ">=0.6.2 <2.0.0"
      }
    },
    "tslib": {
      "version": "file:../../node_modules/.pnpm/registry.npmmirror.com+tslib@2.5.3/node_modules/tslib"
    },
    "typescript": {
      "version": "file:../../node_modules/.pnpm/registry.npmmirror.com+typescript@4.9.3/node_modules/typescript",
      "requires": {
        "@octokit/rest": "latest",
        "@types/chai": "latest",
        "@types/fancy-log": "^2.0.0",
        "@types/fs-extra": "^9.0.13",
        "@types/glob": "latest",
        "@types/gulp": "^4.0.9",
        "@types/gulp-concat": "latest",
        "@types/gulp-newer": "latest",
        "@types/gulp-rename": "latest",
        "@types/gulp-sourcemaps": "latest",
        "@types/merge2": "latest",
        "@types/microsoft__typescript-etw": "latest",
        "@types/minimist": "latest",
        "@types/mkdirp": "latest",
        "@types/mocha": "latest",
        "@types/ms": "latest",
        "@types/node": "latest",
        "@types/source-map-support": "latest",
        "@types/which": "^2.0.1",
        "@types/xml2js": "^0.4.11",
        "@typescript-eslint/eslint-plugin": "^5.33.1",
        "@typescript-eslint/parser": "^5.33.1",
        "@typescript-eslint/utils": "^5.33.1",
        "azure-devops-node-api": "^11.2.0",
        "chai": "latest",
        "chalk": "^4.1.2",
        "del": "^6.1.1",
        "diff": "^5.1.0",
        "eslint": "^8.22.0",
        "eslint-formatter-autolinkable-stylish": "^1.2.0",
        "eslint-plugin-import": "^2.26.0",
        "eslint-plugin-jsdoc": "^39.3.6",
        "eslint-plugin-local": "^1.0.0",
        "eslint-plugin-no-null": "^1.0.2",
        "fancy-log": "latest",
        "fs-extra": "^9.1.0",
        "glob": "latest",
        "gulp": "^4.0.2",
        "gulp-concat": "latest",
        "gulp-insert": "latest",
        "gulp-newer": "latest",
        "gulp-rename": "latest",
        "gulp-sourcemaps": "latest",
        "merge2": "latest",
        "minimist": "latest",
        "mkdirp": "latest",
        "mocha": "latest",
        "mocha-fivemat-progress-reporter": "latest",
        "ms": "^2.1.3",
        "node-fetch": "^3.2.10",
        "source-map-support": "latest",
        "typescript": "^4.8.4",
        "vinyl": "latest",
        "which": "^2.0.2",
        "xml2js": "^0.4.23"
      }
    },
    "unocss": {
      "version": "file:../../node_modules/.pnpm/registry.npmmirror.com+unocss@0.52.3_postcss@8.4.23_vite@4.2.0/node_modules/unocss",
      "requires": {
        "@unocss/astro": "0.52.3",
        "@unocss/cli": "0.52.3",
        "@unocss/core": "0.52.3",
        "@unocss/extractor-arbitrary-variants": "0.52.3",
        "@unocss/postcss": "0.52.3",
        "@unocss/preset-attributify": "0.52.3",
        "@unocss/preset-icons": "0.52.3",
        "@unocss/preset-mini": "0.52.3",
        "@unocss/preset-tagify": "0.52.3",
        "@unocss/preset-typography": "0.52.3",
        "@unocss/preset-uno": "0.52.3",
        "@unocss/preset-web-fonts": "0.52.3",
        "@unocss/preset-wind": "0.52.3",
        "@unocss/reset": "0.52.3",
        "@unocss/transformer-attributify-jsx": "0.52.3",
        "@unocss/transformer-attributify-jsx-babel": "0.52.3",
        "@unocss/transformer-compile-class": "0.52.3",
        "@unocss/transformer-directives": "0.52.3",
        "@unocss/transformer-variant-group": "0.52.3",
        "@unocss/vite": "0.52.3",
        "@unocss/webpack": "0.52.3"
      }
    },
    "vite": {
      "version": "file:../../node_modules/.pnpm/registry.npmmirror.com+vite@4.2.0_sass@1.62.1/node_modules/vite",
      "requires": {
        "@ampproject/remapping": "^2.2.0",
        "@babel/parser": "^7.21.2",
        "@babel/types": "^7.21.2",
        "@jridgewell/trace-mapping": "^0.3.17",
        "@rollup/plugin-alias": "^4.0.3",
        "@rollup/plugin-commonjs": "^24.0.1",
        "@rollup/plugin-dynamic-import-vars": "^2.0.3",
        "@rollup/plugin-json": "^6.0.0",
        "@rollup/plugin-node-resolve": "15.0.1",
        "@rollup/plugin-typescript": "^11.0.0",
        "@rollup/pluginutils": "^5.0.2",
        "acorn": "^8.8.2",
        "acorn-walk": "^8.2.0",
        "cac": "^6.7.14",
        "chokidar": "^3.5.3",
        "connect": "^3.7.0",
        "connect-history-api-fallback": "^2.0.0",
        "convert-source-map": "^2.0.0",
        "cors": "^2.8.5",
        "cross-spawn": "^7.0.3",
        "debug": "^4.3.4",
        "dep-types": "link:./src/types",
        "dotenv": "^16.0.3",
        "dotenv-expand": "^9.0.0",
        "es-module-lexer": "^1.2.0",
        "esbuild": "^0.17.5",
        "estree-walker": "^3.0.3",
        "etag": "^1.8.1",
        "fast-glob": "^3.2.12",
        "fsevents": "~2.3.2",
        "http-proxy": "^1.18.1",
        "json-stable-stringify": "^1.0.2",
        "launch-editor-middleware": "^2.6.0",
        "magic-string": "^0.30.0",
        "micromatch": "^4.0.5",
        "mlly": "^1.1.1",
        "mrmime": "^1.0.1",
        "okie": "^1.0.1",
        "open": "^8.4.2",
        "parse5": "^7.1.2",
        "periscopic": "^3.1.0",
        "picocolors": "^1.0.0",
        "picomatch": "^2.3.1",
        "postcss": "^8.4.21",
        "postcss-import": "^15.1.0",
        "postcss-load-config": "^4.0.1",
        "postcss-modules": "^6.0.0",
        "resolve": "^1.22.1",
        "resolve.exports": "^2.0.1",
        "rollup": "^3.18.0",
        "rollup-plugin-license": "^3.0.1",
        "sirv": "^2.0.2",
        "source-map-js": "^1.0.2",
        "source-map-support": "^0.5.21",
        "strip-ansi": "^7.0.1",
        "strip-literal": "^1.0.1",
        "tsconfck": "^2.1.0",
        "tslib": "^2.5.0",
        "types": "link:./types",
        "ufo": "^1.1.1",
        "ws": "^8.12.1"
      }
    }
  }
}
